// !$*UTF8*$!
{
	archiveVersion = 1;
	classes = {
	};
	objectVersion = 50;
	objects = {

/* Begin PBXBuildFile section */
		0B54FC7022F0F1C000B73D08 /* main.cpp in Sources */ = {isa = PBXBuildFile; fileRef = 0B54FC6F22F0F1C000B73D08 /* main.cpp */; };
		0B54FC7822F0F1F600B73D08 /* Object.cpp in Sources */ = {isa = PBXBuildFile; fileRef = 0B54FC7622F0F1F600B73D08 /* Object.cpp */; };
		0B54FC7B22F0F23400B73D08 /* TDALista.cpp in Sources */ = {isa = PBXBuildFile; fileRef = 0B54FC7922F0F23400B73D08 /* TDALista.cpp */; };
		0B54FC7E22F0F26800B73D08 /* TDAPila.cpp in Sources */ = {isa = PBXBuildFile; fileRef = 0B54FC7C22F0F26800B73D08 /* TDAPila.cpp */; };
		0B54FC8122F0F2D700B73D08 /* TDACola.cpp in Sources */ = {isa = PBXBuildFile; fileRef = 0B54FC7F22F0F2D700B73D08 /* TDACola.cpp */; };
		0B54FC8422F0F32400B73D08 /* Nodo.cpp in Sources */ = {isa = PBXBuildFile; fileRef = 0B54FC8222F0F32400B73D08 /* Nodo.cpp */; };
		0B54FC8722F0F71F00B73D08 /* Alumno.cpp in Sources */ = {isa = PBXBuildFile; fileRef = 0B54FC8522F0F71F00B73D08 /* Alumno.cpp */; };
		0B54FC8A22F0FADA00B73D08 /* Simbolo.cpp in Sources */ = {isa = PBXBuildFile; fileRef = 0B54FC8822F0FADA00B73D08 /* Simbolo.cpp */; };
		0B54FC8D22F0FEEC00B73D08 /* ArrayList.cpp in Sources */ = {isa = PBXBuildFile; fileRef = 0B54FC8B22F0FEEC00B73D08 /* ArrayList.cpp */; };
		0B54FC9022F0FFB200B73D08 /* LinkedList.cpp in Sources */ = {isa = PBXBuildFile; fileRef = 0B54FC8E22F0FFB200B73D08 /* LinkedList.cpp */; };
		0B54FC9322F1008D00B73D08 /* ArrayStack.cpp in Sources */ = {isa = PBXBuildFile; fileRef = 0B54FC9122F1008D00B73D08 /* ArrayStack.cpp */; };
		0B54FC9622F1010700B73D08 /* LinkedStack.cpp in Sources */ = {isa = PBXBuildFile; fileRef = 0B54FC9422F1010700B73D08 /* LinkedStack.cpp */; };
		0B54FC9922F1017000B73D08 /* ArrayQueue.cpp in Sources */ = {isa = PBXBuildFile; fileRef = 0B54FC9722F1017000B73D08 /* ArrayQueue.cpp */; };
		0B54FC9C22F101D500B73D08 /* LinkedQueue.cpp in Sources */ = {isa = PBXBuildFile; fileRef = 0B54FC9A22F101D500B73D08 /* LinkedQueue.cpp */; };
/* End PBXBuildFile section */

/* Begin PBXCopyFilesBuildPhase section */
		0B54FC6A22F0F1C000B73D08 /* CopyFiles */ = {
			isa = PBXCopyFilesBuildPhase;
			buildActionMask = 2147483647;
			dstPath = /usr/share/man/man1/;
			dstSubfolderSpec = 0;
			files = (
			);
			runOnlyForDeploymentPostprocessing = 1;
		};
/* End PBXCopyFilesBuildPhase section */

/* Begin PBXFileReference section */
		0B54FC6C22F0F1C000B73D08 /* ProyectoTDAs */ = {isa = PBXFileReference; explicitFileType = "compiled.mach-o.executable"; includeInIndex = 0; path = ProyectoTDAs; sourceTree = BUILT_PRODUCTS_DIR; };
		0B54FC6F22F0F1C000B73D08 /* main.cpp */ = {isa = PBXFileReference; lastKnownFileType = sourcecode.cpp.cpp; path = main.cpp; sourceTree = "<group>"; };
		0B54FC7622F0F1F600B73D08 /* Object.cpp */ = {isa = PBXFileReference; lastKnownFileType = sourcecode.cpp.cpp; path = Object.cpp; sourceTree = "<group>"; };
		0B54FC7722F0F1F600B73D08 /* Object.h */ = {isa = PBXFileReference; lastKnownFileType = sourcecode.c.h; path = Object.h; sourceTree = "<group>"; };
		0B54FC7922F0F23400B73D08 /* TDALista.cpp */ = {isa = PBXFileReference; lastKnownFileType = sourcecode.cpp.cpp; path = TDALista.cpp; sourceTree = "<group>"; };
		0B54FC7A22F0F23400B73D08 /* TDALista.h */ = {isa = PBXFileReference; lastKnownFileType = sourcecode.c.h; path = TDALista.h; sourceTree = "<group>"; };
		0B54FC7C22F0F26800B73D08 /* TDAPila.cpp */ = {isa = PBXFileReference; lastKnownFileType = sourcecode.cpp.cpp; path = TDAPila.cpp; sourceTree = "<group>"; };
		0B54FC7D22F0F26800B73D08 /* TDAPila.h */ = {isa = PBXFileReference; lastKnownFileType = sourcecode.c.h; path = TDAPila.h; sourceTree = "<group>"; };
		0B54FC7F22F0F2D700B73D08 /* TDACola.cpp */ = {isa = PBXFileReference; lastKnownFileType = sourcecode.cpp.cpp; path = TDACola.cpp; sourceTree = "<group>"; };
		0B54FC8022F0F2D700B73D08 /* TDACola.h */ = {isa = PBXFileReference; lastKnownFileType = sourcecode.c.h; path = TDACola.h; sourceTree = "<group>"; };
		0B54FC8222F0F32400B73D08 /* Nodo.cpp */ = {isa = PBXFileReference; lastKnownFileType = sourcecode.cpp.cpp; path = Nodo.cpp; sourceTree = "<group>"; };
		0B54FC8322F0F32400B73D08 /* Nodo.h */ = {isa = PBXFileReference; lastKnownFileType = sourcecode.c.h; path = Nodo.h; sourceTree = "<group>"; };
		0B54FC8522F0F71F00B73D08 /* Alumno.cpp */ = {isa = PBXFileReference; lastKnownFileType = sourcecode.cpp.cpp; path = Alumno.cpp; sourceTree = "<group>"; };
		0B54FC8622F0F71F00B73D08 /* Alumno.h */ = {isa = PBXFileReference; lastKnownFileType = sourcecode.c.h; path = Alumno.h; sourceTree = "<group>"; };
		0B54FC8822F0FADA00B73D08 /* Simbolo.cpp */ = {isa = PBXFileReference; lastKnownFileType = sourcecode.cpp.cpp; path = Simbolo.cpp; sourceTree = "<group>"; };
		0B54FC8922F0FADA00B73D08 /* Simbolo.h */ = {isa = PBXFileReference; lastKnownFileType = sourcecode.c.h; path = Simbolo.h; sourceTree = "<group>"; };
		0B54FC8B22F0FEEC00B73D08 /* ArrayList.cpp */ = {isa = PBXFileReference; lastKnownFileType = sourcecode.cpp.cpp; path = ArrayList.cpp; sourceTree = "<group>"; };
		0B54FC8C22F0FEEC00B73D08 /* ArrayList.h */ = {isa = PBXFileReference; lastKnownFileType = sourcecode.c.h; path = ArrayList.h; sourceTree = "<group>"; };
		0B54FC8E22F0FFB200B73D08 /* LinkedList.cpp */ = {isa = PBXFileReference; lastKnownFileType = sourcecode.cpp.cpp; path = LinkedList.cpp; sourceTree = "<group>"; };
		0B54FC8F22F0FFB200B73D08 /* LinkedList.h */ = {isa = PBXFileReference; lastKnownFileType = sourcecode.c.h; path = LinkedList.h; sourceTree = "<group>"; };
		0B54FC9122F1008D00B73D08 /* ArrayStack.cpp */ = {isa = PBXFileReference; lastKnownFileType = sourcecode.cpp.cpp; path = ArrayStack.cpp; sourceTree = "<group>"; };
		0B54FC9222F1008D00B73D08 /* ArrayStack.h */ = {isa = PBXFileReference; lastKnownFileType = sourcecode.c.h; path = ArrayStack.h; sourceTree = "<group>"; };
		0B54FC9422F1010700B73D08 /* LinkedStack.cpp */ = {isa = PBXFileReference; lastKnownFileType = sourcecode.cpp.cpp; path = LinkedStack.cpp; sourceTree = "<group>"; };
		0B54FC9522F1010700B73D08 /* LinkedStack.h */ = {isa = PBXFileReference; lastKnownFileType = sourcecode.c.h; path = LinkedStack.h; sourceTree = "<group>"; };
		0B54FC9722F1017000B73D08 /* ArrayQueue.cpp */ = {isa = PBXFileReference; lastKnownFileType = sourcecode.cpp.cpp; path = ArrayQueue.cpp; sourceTree = "<group>"; };
		0B54FC9822F1017000B73D08 /* ArrayQueue.h */ = {isa = PBXFileReference; lastKnownFileType = sourcecode.c.h; path = ArrayQueue.h; sourceTree = "<group>"; };
		0B54FC9A22F101D500B73D08 /* LinkedQueue.cpp */ = {isa = PBXFileReference; lastKnownFileType = sourcecode.cpp.cpp; path = LinkedQueue.cpp; sourceTree = "<group>"; };
		0B54FC9B22F101D500B73D08 /* LinkedQueue.h */ = {isa = PBXFileReference; lastKnownFileType = sourcecode.c.h; path = LinkedQueue.h; sourceTree = "<group>"; };
/* End PBXFileReference section */

/* Begin PBXFrameworksBuildPhase section */
		0B54FC6922F0F1C000B73D08 /* Frameworks */ = {
			isa = PBXFrameworksBuildPhase;
			buildActionMask = 2147483647;
			files = (
			);
			runOnlyForDeploymentPostprocessing = 0;
		};
/* End PBXFrameworksBuildPhase section */

/* Begin PBXGroup section */
		0B54FC6322F0F1C000B73D08 = {
			isa = PBXGroup;
			children = (
				0B54FC6E22F0F1C000B73D08 /* ProyectoTDAs */,
				0B54FC6D22F0F1C000B73D08 /* Products */,
			);
			sourceTree = "<group>";
		};
		0B54FC6D22F0F1C000B73D08 /* Products */ = {
			isa = PBXGroup;
			children = (
				0B54FC6C22F0F1C000B73D08 /* ProyectoTDAs */,
			);
			name = Products;
			sourceTree = "<group>";
		};
		0B54FC6E22F0F1C000B73D08 /* ProyectoTDAs */ = {
			isa = PBXGroup;
			children = (
				0B54FC6F22F0F1C000B73D08 /* main.cpp */,
				0B54FC7F22F0F2D700B73D08 /* TDACola.cpp */,
				0B54FC8022F0F2D700B73D08 /* TDACola.h */,
				0B54FC7922F0F23400B73D08 /* TDALista.cpp */,
				0B54FC7A22F0F23400B73D08 /* TDALista.h */,
				0B54FC7C22F0F26800B73D08 /* TDAPila.cpp */,
				0B54FC7D22F0F26800B73D08 /* TDAPila.h */,
				0B54FC7622F0F1F600B73D08 /* Object.cpp */,
				0B54FC7722F0F1F600B73D08 /* Object.h */,
				0B54FC8222F0F32400B73D08 /* Nodo.cpp */,
				0B54FC8322F0F32400B73D08 /* Nodo.h */,
				0B54FC8522F0F71F00B73D08 /* Alumno.cpp */,
				0B54FC8622F0F71F00B73D08 /* Alumno.h */,
				0B54FC8822F0FADA00B73D08 /* Simbolo.cpp */,
				0B54FC8922F0FADA00B73D08 /* Simbolo.h */,
				0B54FC9122F1008D00B73D08 /* ArrayStack.cpp */,
				0B54FC9222F1008D00B73D08 /* ArrayStack.h */,
				0B54FC8B22F0FEEC00B73D08 /* ArrayList.cpp */,
				0B54FC8C22F0FEEC00B73D08 /* ArrayList.h */,
				0B54FC9722F1017000B73D08 /* ArrayQueue.cpp */,
				0B54FC9822F1017000B73D08 /* ArrayQueue.h */,
				0B54FC8E22F0FFB200B73D08 /* LinkedList.cpp */,
				0B54FC8F22F0FFB200B73D08 /* LinkedList.h */,
				0B54FC9A22F101D500B73D08 /* LinkedQueue.cpp */,
				0B54FC9B22F101D500B73D08 /* LinkedQueue.h */,
				0B54FC9422F1010700B73D08 /* LinkedStack.cpp */,
				0B54FC9522F1010700B73D08 /* LinkedStack.h */,
			);
			path = ProyectoTDAs;
			sourceTree = "<group>";
		};
/* End PBXGroup section */

/* Begin PBXNativeTarget section */
		0B54FC6B22F0F1C000B73D08 /* ProyectoTDAs */ = {
			isa = PBXNativeTarget;
			buildConfigurationList = 0B54FC7322F0F1C000B73D08 /* Build configuration list for PBXNativeTarget "ProyectoTDAs" */;
			buildPhases = (
				0B54FC6822F0F1C000B73D08 /* Sources */,
				0B54FC6922F0F1C000B73D08 /* Frameworks */,
				0B54FC6A22F0F1C000B73D08 /* CopyFiles */,
			);
			buildRules = (
			);
			dependencies = (
			);
			name = ProyectoTDAs;
			productName = ProyectoTDAs;
			productReference = 0B54FC6C22F0F1C000B73D08 /* ProyectoTDAs */;
			productType = "com.apple.product-type.tool";
		};
/* End PBXNativeTarget section */

/* Begin PBXProject section */
		0B54FC6422F0F1C000B73D08 /* Project object */ = {
			isa = PBXProject;
			attributes = {
				LastUpgradeCheck = 1020;
				ORGANIZATIONNAME = "Angel Torres";
				TargetAttributes = {
					0B54FC6B22F0F1C000B73D08 = {
						CreatedOnToolsVersion = 10.2.1;
					};
				};
			};
			buildConfigurationList = 0B54FC6722F0F1C000B73D08 /* Build configuration list for PBXProject "ProyectoTDAs" */;
			compatibilityVersion = "Xcode 9.3";
			developmentRegion = en;
			hasScannedForEncodings = 0;
			knownRegions = (
				en,
				Base,
			);
			mainGroup = 0B54FC6322F0F1C000B73D08;
			productRefGroup = 0B54FC6D22F0F1C000B73D08 /* Products */;
			projectDirPath = "";
			projectRoot = "";
			targets = (
				0B54FC6B22F0F1C000B73D08 /* ProyectoTDAs */,
			);
		};
/* End PBXProject section */

/* Begin PBXSourcesBuildPhase section */
		0B54FC6822F0F1C000B73D08 /* Sources */ = {
			isa = PBXSourcesBuildPhase;
			buildActionMask = 2147483647;
			files = (
				0B54FC8D22F0FEEC00B73D08 /* ArrayList.cpp in Sources */,
				0B54FC9622F1010700B73D08 /* LinkedStack.cpp in Sources */,
				0B54FC9C22F101D500B73D08 /* LinkedQueue.cpp in Sources */,
				0B54FC7822F0F1F600B73D08 /* Object.cpp in Sources */,
				0B54FC9322F1008D00B73D08 /* ArrayStack.cpp in Sources */,
				0B54FC9022F0FFB200B73D08 /* LinkedList.cpp in Sources */,
				0B54FC9922F1017000B73D08 /* ArrayQueue.cpp in Sources */,
				0B54FC8A22F0FADA00B73D08 /* Simbolo.cpp in Sources */,
				0B54FC7B22F0F23400B73D08 /* TDALista.cpp in Sources */,
				0B54FC8722F0F71F00B73D08 /* Alumno.cpp in Sources */,
				0B54FC8122F0F2D700B73D08 /* TDACola.cpp in Sources */,
				0B54FC8422F0F32400B73D08 /* Nodo.cpp in Sources */,
				0B54FC7022F0F1C000B73D08 /* main.cpp in Sources */,
				0B54FC7E22F0F26800B73D08 /* TDAPila.cpp in Sources */,
			);
			runOnlyForDeploymentPostprocessing = 0;
		};
/* End PBXSourcesBuildPhase section */

/* Begin XCBuildConfiguration section */
		0B54FC7122F0F1C000B73D08 /* Debug */ = {
			isa = XCBuildConfiguration;
			buildSettings = {
				ALWAYS_SEARCH_USER_PATHS = NO;
				CLANG_ANALYZER_NONNULL = YES;
				CLANG_ANALYZER_NUMBER_OBJECT_CONVERSION = YES_AGGRESSIVE;
				CLANG_CXX_LANGUAGE_STANDARD = "gnu++14";
				CLANG_CXX_LIBRARY = "libc++";
				CLANG_ENABLE_MODULES = YES;
				CLANG_ENABLE_OBJC_ARC = YES;
				CLANG_ENABLE_OBJC_WEAK = YES;
				CLANG_WARN_BLOCK_CAPTURE_AUTORELEASING = YES;
				CLANG_WARN_BOOL_CONVERSION = YES;
				CLANG_WARN_COMMA = YES;
				CLANG_WARN_CONSTANT_CONVERSION = YES;
				CLANG_WARN_DEPRECATED_OBJC_IMPLEMENTATIONS = YES;
				CLANG_WARN_DIRECT_OBJC_ISA_USAGE = YES_ERROR;
				CLANG_WARN_DOCUMENTATION_COMMENTS = YES;
				CLANG_WARN_EMPTY_BODY = YES;
				CLANG_WARN_ENUM_CONVERSION = YES;
				CLANG_WARN_INFINITE_RECURSION = YES;
				CLANG_WARN_INT_CONVERSION = YES;
				CLANG_WARN_NON_LITERAL_NULL_CONVERSION = YES;
				CLANG_WARN_OBJC_IMPLICIT_RETAIN_SELF = YES;
				CLANG_WARN_OBJC_LITERAL_CONVERSION = YES;
				CLANG_WARN_OBJC_ROOT_CLASS = YES_ERROR;
				CLANG_WARN_RANGE_LOOP_ANALYSIS = YES;
				CLANG_WARN_STRICT_PROTOTYPES = YES;
				CLANG_WARN_SUSPICIOUS_MOVE = YES;
				CLANG_WARN_UNGUARDED_AVAILABILITY = YES_AGGRESSIVE;
				CLANG_WARN_UNREACHABLE_CODE = YES;
				CLANG_WARN__DUPLICATE_METHOD_MATCH = YES;
				CODE_SIGN_IDENTITY = "-";
				COPY_PHASE_STRIP = NO;
				DEBUG_INFORMATION_FORMAT = dwarf;
				ENABLE_STRICT_OBJC_MSGSEND = YES;
				ENABLE_TESTABILITY = YES;
				GCC_C_LANGUAGE_STANDARD = gnu11;
				GCC_DYNAMIC_NO_PIC = NO;
				GCC_NO_COMMON_BLOCKS = YES;
				GCC_OPTIMIZATION_LEVEL = 0;
				GCC_PREPROCESSOR_DEFINITIONS = (
					"DEBUG=1",
					"$(inherited)",
				);
				GCC_WARN_64_TO_32_BIT_CONVERSION = YES;
				GCC_WARN_ABOUT_RETURN_TYPE = YES_ERROR;
				GCC_WARN_UNDECLARED_SELECTOR = YES;
				GCC_WARN_UNINITIALIZED_AUTOS = YES_AGGRESSIVE;
				GCC_WARN_UNUSED_FUNCTION = YES;
				GCC_WARN_UNUSED_VARIABLE = YES;
				MACOSX_DEPLOYMENT_TARGET = 10.14;
				MTL_ENABLE_DEBUG_INFO = INCLUDE_SOURCE;
				MTL_FAST_MATH = YES;
				ONLY_ACTIVE_ARCH = YES;
				SDKROOT = macosx;
			};
			name = Debug;
		};
		0B54FC7222F0F1C000B73D08 /* Release */ = {
			isa = XCBuildConfiguration;
			buildSettings = {
				ALWAYS_SEARCH_USER_PATHS = NO;
				CLANG_ANALYZER_NONNULL = YES;
				CLANG_ANALYZER_NUMBER_OBJECT_CONVERSION = YES_AGGRESSIVE;
				CLANG_CXX_LANGUAGE_STANDARD = "gnu++14";
				CLANG_CXX_LIBRARY = "libc++";
				CLANG_ENABLE_MODULES = YES;
				CLANG_ENABLE_OBJC_ARC = YES;
				CLANG_ENABLE_OBJC_WEAK = YES;
				CLANG_WARN_BLOCK_CAPTURE_AUTORELEASING = YES;
				CLANG_WARN_BOOL_CONVERSION = YES;
				CLANG_WARN_COMMA = YES;
				CLANG_WARN_CONSTANT_CONVERSION = YES;
				CLANG_WARN_DEPRECATED_OBJC_IMPLEMENTATIONS = YES;
				CLANG_WARN_DIRECT_OBJC_ISA_USAGE = YES_ERROR;
				CLANG_WARN_DOCUMENTATION_COMMENTS = YES;
				CLANG_WARN_EMPTY_BODY = YES;
				CLANG_WARN_ENUM_CONVERSION = YES;
				CLANG_WARN_INFINITE_RECURSION = YES;
				CLANG_WARN_INT_CONVERSION = YES;
				CLANG_WARN_NON_LITERAL_NULL_CONVERSION = YES;
				CLANG_WARN_OBJC_IMPLICIT_RETAIN_SELF = YES;
				CLANG_WARN_OBJC_LITERAL_CONVERSION = YES;
				CLANG_WARN_OBJC_ROOT_CLASS = YES_ERROR;
				CLANG_WARN_RANGE_LOOP_ANALYSIS = YES;
				CLANG_WARN_STRICT_PROTOTYPES = YES;
				CLANG_WARN_SUSPICIOUS_MOVE = YES;
				CLANG_WARN_UNGUARDED_AVAILABILITY = YES_AGGRESSIVE;
				CLANG_WARN_UNREACHABLE_CODE = YES;
				CLANG_WARN__DUPLICATE_METHOD_MATCH = YES;
				CODE_SIGN_IDENTITY = "-";
				COPY_PHASE_STRIP = NO;
				DEBUG_INFORMATION_FORMAT = "dwarf-with-dsym";
				ENABLE_NS_ASSERTIONS = NO;
				ENABLE_STRICT_OBJC_MSGSEND = YES;
				GCC_C_LANGUAGE_STANDARD = gnu11;
				GCC_NO_COMMON_BLOCKS = YES;
				GCC_WARN_64_TO_32_BIT_CONVERSION = YES;
				GCC_WARN_ABOUT_RETURN_TYPE = YES_ERROR;
				GCC_WARN_UNDECLARED_SELECTOR = YES;
				GCC_WARN_UNINITIALIZED_AUTOS = YES_AGGRESSIVE;
				GCC_WARN_UNUSED_FUNCTION = YES;
				GCC_WARN_UNUSED_VARIABLE = YES;
				MACOSX_DEPLOYMENT_TARGET = 10.14;
				MTL_ENABLE_DEBUG_INFO = NO;
				MTL_FAST_MATH = YES;
				SDKROOT = macosx;
			};
			name = Release;
		};
		0B54FC7422F0F1C000B73D08 /* Debug */ = {
			isa = XCBuildConfiguration;
			buildSettings = {
				CODE_SIGN_STYLE = Automatic;
				PRODUCT_NAME = "$(TARGET_NAME)";
			};
			name = Debug;
		};
		0B54FC7522F0F1C000B73D08 /* Release */ = {
			isa = XCBuildConfiguration;
			buildSettings = {
				CODE_SIGN_STYLE = Automatic;
				PRODUCT_NAME = "$(TARGET_NAME)";
			};
			name = Release;
		};
/* End XCBuildConfiguration section */

/* Begin XCConfigurationList section */
		0B54FC6722F0F1C000B73D08 /* Build configuration list for PBXProject "ProyectoTDAs" */ = {
			isa = XCConfigurationList;
			buildConfigurations = (
				0B54FC7122F0F1C000B73D08 /* Debug */,
				0B54FC7222F0F1C000B73D08 /* Release */,
			);
			defaultConfigurationIsVisible = 0;
			defaultConfigurationName = Release;
		};
		0B54FC7322F0F1C000B73D08 /* Build configuration list for PBXNativeTarget "ProyectoTDAs" */ = {
			isa = XCConfigurationList;
			buildConfigurations = (
				0B54FC7422F0F1C000B73D08 /* Debug */,
				0B54FC7522F0F1C000B73D08 /* Release */,
			);
			defaultConfigurationIsVisible = 0;
			defaultConfigurationName = Release;
		};
/* End XCConfigurationList section */
	};
	rootObject = 0B54FC6422F0F1C000B73D08 /* Project object */;
}
